// !$*UTF8*$!
{
	archiveVersion = 1;
	classes = {
	};
	objectVersion = 77;
	objects = {

/* Begin PBXFileReference section */
		647D74672D518C4000B553A4 /* index.html */ = {isa = PBXFileReference; lastKnownFileType = text.html; path = index.html; sourceTree = "<group>"; };
		647D74682D518C7200B553A4 /* styles.css */ = {isa = PBXFileReference; lastKnownFileType = text.css; path = styles.css; sourceTree = "<group>"; };
		647D74692D518C9200B553A4 /* script.js */ = {isa = PBXFileReference; lastKnownFileType = sourcecode.javascript; path = script.js; sourceTree = "<group>"; };
		647D746A2D519AE800B553A4 /* yes_page.html */ = {isa = PBXFileReference; lastKnownFileType = text.html; path = yes_page.html; sourceTree = "<group>"; };
		647D746B2D519AE800B553A4 /* yes_style.css */ = {isa = PBXFileReference; lastKnownFileType = text.css; path = yes_style.css; sourceTree = "<group>"; };
/* End PBXFileReference section */

/* Begin PBXGroup section */
		647D74602D518C3700B553A4 = {
			isa = PBXGroup;
			children = (
				647D74672D518C4000B553A4 /* index.html */,
				647D746A2D519AE800B553A4 /* yes_page.html */,
				647D746B2D519AE800B553A4 /* yes_style.css */,
				647D74682D518C7200B553A4 /* styles.css */,
				647D74692D518C9200B553A4 /* script.js */,
			);
			sourceTree = "<group>";
		};
/* End PBXGroup section */

/* Begin PBXProject section */
		647D74612D518C3700B553A4 /* Project object */ = {
			isa = PBXProject;
			attributes = {
				BuildIndependentTargetsInParallel = 1;
				LastUpgradeCheck = 1620;
			};
			buildConfigurationList = 647D74642D518C3700B553A4 /* Build configuration list for PBXProject "Valentine' Day" */;
			developmentRegion = en;
			hasScannedForEncodings = 0;
			knownRegions = (
				en,
				Base,
			);
			mainGroup = 647D74602D518C3700B553A4;
			minimizedProjectReferenceProxies = 1;
			preferredProjectObjectVersion = 77;
			projectDirPath = "";
			projectRoot = "";
			targets = (
			);
		};
/* End PBXProject section */

/* Begin XCBuildConfiguration section */
		647D74652D518C3700B553A4 /* Debug */ = {
			isa = XCBuildConfiguration;
			buildSettings = {
			};
			name = Debug;
		};
		647D74662D518C3700B553A4 /* Release */ = {
			isa = XCBuildConfiguration;
			buildSettings = {
			};
			name = Release;
		};
/* End XCBuildConfiguration section */

/* Begin XCConfigurationList section */
		647D74642D518C3700B553A4 /* Build configuration list for PBXProject "Valentine' Day" */ = {
			isa = XCConfigurationList;
			buildConfigurations = (
				647D74652D518C3700B553A4 /* Debug */,
				647D74662D518C3700B553A4 /* Release */,
			);
			defaultConfigurationIsVisible = 0;
			defaultConfigurationName = Release;
		};
/* End XCConfigurationList section */
	};
	rootObject = 647D74612D518C3700B553A4 /* Project object */;
}
